
Microsoft Visual Studio Solution File, Format Version 12.00
# Visual Studio 15
VisualStudioVersion = 15.0.28307.1267
MinimumVisualStudioVersion = 10.0.40219.1
Project("{FAE04EC0-301F-11D3-BF4B-00C04F79EFBC}") = "EduSystem", "EduSystem\EduSystem.csproj", "{289C198B-C34C-49DF-9834-048FEB2D6BD4}"
EndProject
Global
	GlobalSection(SolutionConfigurationPlatforms) = preSolution
		Debug|Any CPU = Debug|Any CPU
		Release|Any CPU = Release|Any CPU
	EndGlobalSection
	GlobalSection(ProjectConfigurationPlatforms) = postSolution
		{289C198B-C34C-49DF-9834-048FEB2D6BD4}.Debug|Any CPU.ActiveCfg = Debug|Any CPU
		{289C198B-C34C-49DF-9834-048FEB2D6BD4}.Debug|Any CPU.Build.0 = Debug|Any CPU
		{289C198B-C34C-49DF-9834-048FEB2D6BD4}.Release|Any CPU.ActiveCfg = Release|Any CPU
		{289C198B-C34C-49DF-9834-048FEB2D6BD4}.Release|Any CPU.Build.0 = Release|Any CPU
	EndGlobalSection
	GlobalSection(SolutionProperties) = preSolution
		HideSolutionNode = FALSE
	EndGlobalSection
	GlobalSection(ExtensibilityGlobals) = postSolution
		SolutionGuid = {311CDFD0-9D48-42F5-9655-6811D6E1D980}
	EndGlobalSection
EndGlobal
